
Microsoft Visual Studio Solution File, Format Version 12.00
# Visual Studio Version 17
VisualStudioVersion = 17.0.31903.59
MinimumVisualStudioVersion = 10.0.40219.1
Project("{FAE04EC0-301F-11D3-BF4B-00C04F79EFBC}") = "Ozge.App", "Ozge.App\Ozge.App.csproj", "{FC24586F-F657-46E3-9780-A6E9B29956AF}"
EndProject
Project("{FAE04EC0-301F-11D3-BF4B-00C04F79EFBC}") = "Ozge.Core", "Ozge.Core\Ozge.Core.csproj", "{7319D295-31E0-4496-9CE8-7C31E6E48262}"
EndProject
Project("{FAE04EC0-301F-11D3-BF4B-00C04F79EFBC}") = "Ozge.Data", "Ozge.Data\Ozge.Data.csproj", "{E5974804-4F38-4ED2-8ED7-1B6CDBC022CD}"
EndProject
Project("{FAE04EC0-301F-11D3-BF4B-00C04F79EFBC}") = "Ozge.Ocr", "Ozge.Ocr\Ozge.Ocr.csproj", "{CA6F61DA-6649-4EFF-8304-67B6F6F94BDA}"
EndProject
Project("{FAE04EC0-301F-11D3-BF4B-00C04F79EFBC}") = "Ozge.Assets", "Ozge.Assets\Ozge.Assets.csproj", "{CD909A21-EAAE-47DE-906F-5CA38A387563}"
EndProject
Global
	GlobalSection(SolutionConfigurationPlatforms) = preSolution
		Debug|Any CPU = Debug|Any CPU
		Debug|x64 = Debug|x64
		Debug|x86 = Debug|x86
		Release|Any CPU = Release|Any CPU
		Release|x64 = Release|x64
		Release|x86 = Release|x86
	EndGlobalSection
	GlobalSection(ProjectConfigurationPlatforms) = postSolution
		{FC24586F-F657-46E3-9780-A6E9B29956AF}.Debug|Any CPU.ActiveCfg = Debug|Any CPU
		{FC24586F-F657-46E3-9780-A6E9B29956AF}.Debug|Any CPU.Build.0 = Debug|Any CPU
		{FC24586F-F657-46E3-9780-A6E9B29956AF}.Debug|x64.ActiveCfg = Debug|Any CPU
		{FC24586F-F657-46E3-9780-A6E9B29956AF}.Debug|x64.Build.0 = Debug|Any CPU
		{FC24586F-F657-46E3-9780-A6E9B29956AF}.Debug|x86.ActiveCfg = Debug|Any CPU
		{FC24586F-F657-46E3-9780-A6E9B29956AF}.Debug|x86.Build.0 = Debug|Any CPU
		{FC24586F-F657-46E3-9780-A6E9B29956AF}.Release|Any CPU.ActiveCfg = Release|Any CPU
		{FC24586F-F657-46E3-9780-A6E9B29956AF}.Release|Any CPU.Build.0 = Release|Any CPU
		{FC24586F-F657-46E3-9780-A6E9B29956AF}.Release|x64.ActiveCfg = Release|Any CPU
		{FC24586F-F657-46E3-9780-A6E9B29956AF}.Release|x64.Build.0 = Release|Any CPU
		{FC24586F-F657-46E3-9780-A6E9B29956AF}.Release|x86.ActiveCfg = Release|Any CPU
		{FC24586F-F657-46E3-9780-A6E9B29956AF}.Release|x86.Build.0 = Release|Any CPU
		{7319D295-31E0-4496-9CE8-7C31E6E48262}.Debug|Any CPU.ActiveCfg = Debug|Any CPU
		{7319D295-31E0-4496-9CE8-7C31E6E48262}.Debug|Any CPU.Build.0 = Debug|Any CPU
		{7319D295-31E0-4496-9CE8-7C31E6E48262}.Debug|x64.ActiveCfg = Debug|Any CPU
		{7319D295-31E0-4496-9CE8-7C31E6E48262}.Debug|x64.Build.0 = Debug|Any CPU
		{7319D295-31E0-4496-9CE8-7C31E6E48262}.Debug|x86.ActiveCfg = Debug|Any CPU
		{7319D295-31E0-4496-9CE8-7C31E6E48262}.Debug|x86.Build.0 = Debug|Any CPU
		{7319D295-31E0-4496-9CE8-7C31E6E48262}.Release|Any CPU.ActiveCfg = Release|Any CPU
		{7319D295-31E0-4496-9CE8-7C31E6E48262}.Release|Any CPU.Build.0 = Release|Any CPU
		{7319D295-31E0-4496-9CE8-7C31E6E48262}.Release|x64.ActiveCfg = Release|Any CPU
		{7319D295-31E0-4496-9CE8-7C31E6E48262}.Release|x64.Build.0 = Release|Any CPU
		{7319D295-31E0-4496-9CE8-7C31E6E48262}.Release|x86.ActiveCfg = Release|Any CPU
		{7319D295-31E0-4496-9CE8-7C31E6E48262}.Release|x86.Build.0 = Release|Any CPU
		{E5974804-4F38-4ED2-8ED7-1B6CDBC022CD}.Debug|Any CPU.ActiveCfg = Debug|Any CPU
		{E5974804-4F38-4ED2-8ED7-1B6CDBC022CD}.Debug|Any CPU.Build.0 = Debug|Any CPU
		{E5974804-4F38-4ED2-8ED7-1B6CDBC022CD}.Debug|x64.ActiveCfg = Debug|Any CPU
		{E5974804-4F38-4ED2-8ED7-1B6CDBC022CD}.Debug|x64.Build.0 = Debug|Any CPU
		{E5974804-4F38-4ED2-8ED7-1B6CDBC022CD}.Debug|x86.ActiveCfg = Debug|Any CPU
		{E5974804-4F38-4ED2-8ED7-1B6CDBC022CD}.Debug|x86.Build.0 = Debug|Any CPU
		{E5974804-4F38-4ED2-8ED7-1B6CDBC022CD}.Release|Any CPU.ActiveCfg = Release|Any CPU
		{E5974804-4F38-4ED2-8ED7-1B6CDBC022CD}.Release|Any CPU.Build.0 = Release|Any CPU
		{E5974804-4F38-4ED2-8ED7-1B6CDBC022CD}.Release|x64.ActiveCfg = Release|Any CPU
		{E5974804-4F38-4ED2-8ED7-1B6CDBC022CD}.Release|x64.Build.0 = Release|Any CPU
		{E5974804-4F38-4ED2-8ED7-1B6CDBC022CD}.Release|x86.ActiveCfg = Release|Any CPU
		{E5974804-4F38-4ED2-8ED7-1B6CDBC022CD}.Release|x86.Build.0 = Release|Any CPU
		{CA6F61DA-6649-4EFF-8304-67B6F6F94BDA}.Debug|Any CPU.ActiveCfg = Debug|Any CPU
		{CA6F61DA-6649-4EFF-8304-67B6F6F94BDA}.Debug|Any CPU.Build.0 = Debug|Any CPU
		{CA6F61DA-6649-4EFF-8304-67B6F6F94BDA}.Debug|x64.ActiveCfg = Debug|Any CPU
		{CA6F61DA-6649-4EFF-8304-67B6F6F94BDA}.Debug|x64.Build.0 = Debug|Any CPU
		{CA6F61DA-6649-4EFF-8304-67B6F6F94BDA}.Debug|x86.ActiveCfg = Debug|Any CPU
		{CA6F61DA-6649-4EFF-8304-67B6F6F94BDA}.Debug|x86.Build.0 = Debug|Any CPU
		{CA6F61DA-6649-4EFF-8304-67B6F6F94BDA}.Release|Any CPU.ActiveCfg = Release|Any CPU
		{CA6F61DA-6649-4EFF-8304-67B6F6F94BDA}.Release|Any CPU.Build.0 = Release|Any CPU
		{CA6F61DA-6649-4EFF-8304-67B6F6F94BDA}.Release|x64.ActiveCfg = Release|Any CPU
		{CA6F61DA-6649-4EFF-8304-67B6F6F94BDA}.Release|x64.Build.0 = Release|Any CPU
		{CA6F61DA-6649-4EFF-8304-67B6F6F94BDA}.Release|x86.ActiveCfg = Release|Any CPU
		{CA6F61DA-6649-4EFF-8304-67B6F6F94BDA}.Release|x86.Build.0 = Release|Any CPU
		{CD909A21-EAAE-47DE-906F-5CA38A387563}.Debug|Any CPU.ActiveCfg = Debug|Any CPU
		{CD909A21-EAAE-47DE-906F-5CA38A387563}.Debug|Any CPU.Build.0 = Debug|Any CPU
		{CD909A21-EAAE-47DE-906F-5CA38A387563}.Debug|x64.ActiveCfg = Debug|Any CPU
		{CD909A21-EAAE-47DE-906F-5CA38A387563}.Debug|x64.Build.0 = Debug|Any CPU
		{CD909A21-EAAE-47DE-906F-5CA38A387563}.Debug|x86.ActiveCfg = Debug|Any CPU
		{CD909A21-EAAE-47DE-906F-5CA38A387563}.Debug|x86.Build.0 = Debug|Any CPU
		{CD909A21-EAAE-47DE-906F-5CA38A387563}.Release|Any CPU.ActiveCfg = Release|Any CPU
		{CD909A21-EAAE-47DE-906F-5CA38A387563}.Release|Any CPU.Build.0 = Release|Any CPU
		{CD909A21-EAAE-47DE-906F-5CA38A387563}.Release|x64.ActiveCfg = Release|Any CPU
		{CD909A21-EAAE-47DE-906F-5CA38A387563}.Release|x64.Build.0 = Release|Any CPU
		{CD909A21-EAAE-47DE-906F-5CA38A387563}.Release|x86.ActiveCfg = Release|Any CPU
		{CD909A21-EAAE-47DE-906F-5CA38A387563}.Release|x86.Build.0 = Release|Any CPU
	EndGlobalSection
	GlobalSection(SolutionProperties) = preSolution
		HideSolutionNode = FALSE
	EndGlobalSection
EndGlobal
